// !$*UTF8*$!
{
	archiveVersion = 1;
	classes = {
	};
	objectVersion = 50;
	objects = {

/* Begin PBXBuildFile section */
		06903752BFBE226BE0D0F7A1 /* Pods_SpeedReading.framework in Frameworks */ = {isa = PBXBuildFile; fileRef = D8BFD70E571375A2287D1E15 /* Pods_SpeedReading.framework */; };
		4E57E021BE7500253EAEBAFB /* Pods_SpeedReadingTests.framework in Frameworks */ = {isa = PBXBuildFile; fileRef = DD0F42EEA30149935C7EE5EC /* Pods_SpeedReadingTests.framework */; };
		910F96C9212E888B00CDF29A /* String+filterCharacters.swift in Sources */ = {isa = PBXBuildFile; fileRef = 910F96C8212E888B00CDF29A /* String+filterCharacters.swift */; };
		910F96CB212E88E900CDF29A /* ReadingStoryboard.storyboard in Resources */ = {isa = PBXBuildFile; fileRef = 910F96CA212E88E900CDF29A /* ReadingStoryboard.storyboard */; };
		918B1596212F92EF007BB838 /* ImportViewController.swift in Sources */ = {isa = PBXBuildFile; fileRef = 918B1592212F92EE007BB838 /* ImportViewController.swift */; };
		918B1597212F92EF007BB838 /* ImportViewControllerDelegate.swift in Sources */ = {isa = PBXBuildFile; fileRef = 918B1593212F92EE007BB838 /* ImportViewControllerDelegate.swift */; };
		918B1598212F92EF007BB838 /* ImportViewController+TextFieldDelegate.swift in Sources */ = {isa = PBXBuildFile; fileRef = 918B1594212F92EE007BB838 /* ImportViewController+TextFieldDelegate.swift */; };
		918B1599212F92EF007BB838 /* ImportStoryboard.storyboard in Resources */ = {isa = PBXBuildFile; fileRef = 918B1595212F92EF007BB838 /* ImportStoryboard.storyboard */; };
		918B159B212F93DA007BB838 /* MainViewController+Realm.swift in Sources */ = {isa = PBXBuildFile; fileRef = 918B159A212F93DA007BB838 /* MainViewController+Realm.swift */; };
		91AC29EF212E1D5200947590 /* AppDelegate.swift in Sources */ = {isa = PBXBuildFile; fileRef = 91AC29EE212E1D5200947590 /* AppDelegate.swift */; };
		91AC29F1212E1D5200947590 /* ViewController.swift in Sources */ = {isa = PBXBuildFile; fileRef = 91AC29F0212E1D5200947590 /* ViewController.swift */; };
		91AC29F4212E1D5200947590 /* Main.storyboard in Resources */ = {isa = PBXBuildFile; fileRef = 91AC29F2212E1D5200947590 /* Main.storyboard */; };
		91AC29F6212E1D5400947590 /* Assets.xcassets in Resources */ = {isa = PBXBuildFile; fileRef = 91AC29F5212E1D5400947590 /* Assets.xcassets */; };
		91AC29F9212E1D5400947590 /* LaunchScreen.storyboard in Resources */ = {isa = PBXBuildFile; fileRef = 91AC29F7212E1D5400947590 /* LaunchScreen.storyboard */; };
		91AC2A04212E1D5400947590 /* SpeedReadingTests.swift in Sources */ = {isa = PBXBuildFile; fileRef = 91AC2A03212E1D5400947590 /* SpeedReadingTests.swift */; };
		91AC2A0F212E1D5400947590 /* SpeedReadingUITests.swift in Sources */ = {isa = PBXBuildFile; fileRef = 91AC2A0E212E1D5400947590 /* SpeedReadingUITests.swift */; };
		91AC2A1D212E1F9400947590 /* ReadingMaterial.swift in Sources */ = {isa = PBXBuildFile; fileRef = 91AC2A1C212E1F9400947590 /* ReadingMaterial.swift */; };
		91AC2A1F212E207D00947590 /* Settings.swift in Sources */ = {isa = PBXBuildFile; fileRef = 91AC2A1E212E207D00947590 /* Settings.swift */; };
		91D8427121308D6200D8CC2F /* LaunchScreenViewController.swift in Sources */ = {isa = PBXBuildFile; fileRef = 91D8427021308D6200D8CC2F /* LaunchScreenViewController.swift */; };
		91D8427321308EE300D8CC2F /* LaunchScreenAnimated.storyboard in Resources */ = {isa = PBXBuildFile; fileRef = 91D8427221308EE300D8CC2F /* LaunchScreenAnimated.storyboard */; };
		91D8427B2130932C00D8CC2F /* color_line.json in Resources */ = {isa = PBXBuildFile; fileRef = 91D8427A2130932C00D8CC2F /* color_line.json */; };
		922D88BE950699C79D92D019 /* Pods_SpeedReadingUITests.framework in Frameworks */ = {isa = PBXBuildFile; fileRef = AC4A39A2A7CE20F484B8CD1D /* Pods_SpeedReadingUITests.framework */; };
		A1BFA3ED212F3AB100FFF080 /* TextViewStoryBoard.storyboard in Resources */ = {isa = PBXBuildFile; fileRef = A1BFA3EC212F3AB100FFF080 /* TextViewStoryBoard.storyboard */; };
		A1BFA3EF212F403100FFF080 /* TextViewController.swift in Sources */ = {isa = PBXBuildFile; fileRef = A1BFA3EE212F403100FFF080 /* TextViewController.swift */; };
		A1BFA42D212F6EDC00FFF080 /* CommonWords.m in Sources */ = {isa = PBXBuildFile; fileRef = A1BFA42C212F6EDC00FFF080 /* CommonWords.m */; };
		A1FC3466212E5DC7006DA973 /* MainTableViewCell.swift in Sources */ = {isa = PBXBuildFile; fileRef = A1FC3465212E5DC7006DA973 /* MainTableViewCell.swift */; };
		A1FC3468212E5DD1006DA973 /* MainViewController.swift in Sources */ = {isa = PBXBuildFile; fileRef = A1FC3467212E5DD1006DA973 /* MainViewController.swift */; };
/* End PBXBuildFile section */

/* Begin PBXContainerItemProxy section */
		91AC2A00212E1D5400947590 /* PBXContainerItemProxy */ = {
			isa = PBXContainerItemProxy;
			containerPortal = 91AC29E3212E1D5200947590 /* Project object */;
			proxyType = 1;
			remoteGlobalIDString = 91AC29EA212E1D5200947590;
			remoteInfo = SpeedReading;
		};
		91AC2A0B212E1D5400947590 /* PBXContainerItemProxy */ = {
			isa = PBXContainerItemProxy;
			containerPortal = 91AC29E3212E1D5200947590 /* Project object */;
			proxyType = 1;
			remoteGlobalIDString = 91AC29EA212E1D5200947590;
			remoteInfo = SpeedReading;
		};
/* End PBXContainerItemProxy section */

/* Begin PBXFileReference section */
		885C7358BEA4454684511A61 /* Pods-SpeedReading.release.xcconfig */ = {isa = PBXFileReference; includeInIndex = 1; lastKnownFileType = text.xcconfig; name = "Pods-SpeedReading.release.xcconfig"; path = "Pods/Target Support Files/Pods-SpeedReading/Pods-SpeedReading.release.xcconfig"; sourceTree = "<group>"; };
		910F96C8212E888B00CDF29A /* String+filterCharacters.swift */ = {isa = PBXFileReference; fileEncoding = 4; lastKnownFileType = sourcecode.swift; path = "String+filterCharacters.swift"; sourceTree = "<group>"; };
		910F96CA212E88E900CDF29A /* ReadingStoryboard.storyboard */ = {isa = PBXFileReference; lastKnownFileType = file.storyboard; path = ReadingStoryboard.storyboard; sourceTree = "<group>"; };
		918B1592212F92EE007BB838 /* ImportViewController.swift */ = {isa = PBXFileReference; fileEncoding = 4; lastKnownFileType = sourcecode.swift; path = ImportViewController.swift; sourceTree = "<group>"; };
		918B1593212F92EE007BB838 /* ImportViewControllerDelegate.swift */ = {isa = PBXFileReference; fileEncoding = 4; lastKnownFileType = sourcecode.swift; path = ImportViewControllerDelegate.swift; sourceTree = "<group>"; };
		918B1594212F92EE007BB838 /* ImportViewController+TextFieldDelegate.swift */ = {isa = PBXFileReference; fileEncoding = 4; lastKnownFileType = sourcecode.swift; path = "ImportViewController+TextFieldDelegate.swift"; sourceTree = "<group>"; };
		918B1595212F92EF007BB838 /* ImportStoryboard.storyboard */ = {isa = PBXFileReference; fileEncoding = 4; lastKnownFileType = file.storyboard; path = ImportStoryboard.storyboard; sourceTree = "<group>"; };
		918B159A212F93DA007BB838 /* MainViewController+Realm.swift */ = {isa = PBXFileReference; fileEncoding = 4; lastKnownFileType = sourcecode.swift; path = "MainViewController+Realm.swift"; sourceTree = "<group>"; };
		91AC29EB212E1D5200947590 /* SpeedReading.app */ = {isa = PBXFileReference; explicitFileType = wrapper.application; includeInIndex = 0; path = SpeedReading.app; sourceTree = BUILT_PRODUCTS_DIR; };
		91AC29EE212E1D5200947590 /* AppDelegate.swift */ = {isa = PBXFileReference; lastKnownFileType = sourcecode.swift; path = AppDelegate.swift; sourceTree = "<group>"; };
		91AC29F0212E1D5200947590 /* ViewController.swift */ = {isa = PBXFileReference; lastKnownFileType = sourcecode.swift; path = ViewController.swift; sourceTree = "<group>"; };
		91AC29F3212E1D5200947590 /* Base */ = {isa = PBXFileReference; lastKnownFileType = file.storyboard; name = Base; path = Base.lproj/Main.storyboard; sourceTree = "<group>"; };
		91AC29F5212E1D5400947590 /* Assets.xcassets */ = {isa = PBXFileReference; lastKnownFileType = folder.assetcatalog; path = Assets.xcassets; sourceTree = "<group>"; };
		91AC29F8212E1D5400947590 /* Base */ = {isa = PBXFileReference; lastKnownFileType = file.storyboard; name = Base; path = Base.lproj/LaunchScreen.storyboard; sourceTree = "<group>"; };
		91AC29FA212E1D5400947590 /* Info.plist */ = {isa = PBXFileReference; lastKnownFileType = text.plist.xml; path = Info.plist; sourceTree = "<group>"; };
		91AC29FF212E1D5400947590 /* SpeedReadingTests.xctest */ = {isa = PBXFileReference; explicitFileType = wrapper.cfbundle; includeInIndex = 0; path = SpeedReadingTests.xctest; sourceTree = BUILT_PRODUCTS_DIR; };
		91AC2A03212E1D5400947590 /* SpeedReadingTests.swift */ = {isa = PBXFileReference; lastKnownFileType = sourcecode.swift; path = SpeedReadingTests.swift; sourceTree = "<group>"; };
		91AC2A05212E1D5400947590 /* Info.plist */ = {isa = PBXFileReference; lastKnownFileType = text.plist.xml; path = Info.plist; sourceTree = "<group>"; };
		91AC2A0A212E1D5400947590 /* SpeedReadingUITests.xctest */ = {isa = PBXFileReference; explicitFileType = wrapper.cfbundle; includeInIndex = 0; path = SpeedReadingUITests.xctest; sourceTree = BUILT_PRODUCTS_DIR; };
		91AC2A0E212E1D5400947590 /* SpeedReadingUITests.swift */ = {isa = PBXFileReference; lastKnownFileType = sourcecode.swift; path = SpeedReadingUITests.swift; sourceTree = "<group>"; };
		91AC2A10212E1D5400947590 /* Info.plist */ = {isa = PBXFileReference; lastKnownFileType = text.plist.xml; path = Info.plist; sourceTree = "<group>"; };
		91AC2A1C212E1F9400947590 /* ReadingMaterial.swift */ = {isa = PBXFileReference; lastKnownFileType = sourcecode.swift; path = ReadingMaterial.swift; sourceTree = "<group>"; };
		91AC2A1E212E207D00947590 /* Settings.swift */ = {isa = PBXFileReference; lastKnownFileType = sourcecode.swift; path = Settings.swift; sourceTree = "<group>"; };
		91D8427021308D6200D8CC2F /* LaunchScreenViewController.swift */ = {isa = PBXFileReference; lastKnownFileType = sourcecode.swift; name = LaunchScreenViewController.swift; path = /Users/bennett/Documents/SpeedReadingMidtermProject/SpeedReading/LaunchScreenViewController.swift; sourceTree = "<absolute>"; };
		91D8427221308EE300D8CC2F /* LaunchScreenAnimated.storyboard */ = {isa = PBXFileReference; lastKnownFileType = file.storyboard; path = LaunchScreenAnimated.storyboard; sourceTree = "<group>"; };
		91D8427A2130932C00D8CC2F /* color_line.json */ = {isa = PBXFileReference; fileEncoding = 4; lastKnownFileType = text.json; path = color_line.json; sourceTree = "<group>"; };
		A026B8A27E1E29F2B35967DA /* Pods-SpeedReadingUITests.release.xcconfig */ = {isa = PBXFileReference; includeInIndex = 1; lastKnownFileType = text.xcconfig; name = "Pods-SpeedReadingUITests.release.xcconfig"; path = "Pods/Target Support Files/Pods-SpeedReadingUITests/Pods-SpeedReadingUITests.release.xcconfig"; sourceTree = "<group>"; };
		A1BFA3EC212F3AB100FFF080 /* TextViewStoryBoard.storyboard */ = {isa = PBXFileReference; lastKnownFileType = file.storyboard; path = TextViewStoryBoard.storyboard; sourceTree = "<group>"; };
		A1BFA3EE212F403100FFF080 /* TextViewController.swift */ = {isa = PBXFileReference; lastKnownFileType = sourcecode.swift; path = TextViewController.swift; sourceTree = "<group>"; };
		A1BFA42A212F6EDB00FFF080 /* SpeedReading-Bridging-Header.h */ = {isa = PBXFileReference; lastKnownFileType = sourcecode.c.h; path = "SpeedReading-Bridging-Header.h"; sourceTree = "<group>"; };
		A1BFA42B212F6EDC00FFF080 /* CommonWords.h */ = {isa = PBXFileReference; lastKnownFileType = sourcecode.c.h; path = CommonWords.h; sourceTree = "<group>"; };
		A1BFA42C212F6EDC00FFF080 /* CommonWords.m */ = {isa = PBXFileReference; lastKnownFileType = sourcecode.c.objc; path = CommonWords.m; sourceTree = "<group>"; };
		A1FC3465212E5DC7006DA973 /* MainTableViewCell.swift */ = {isa = PBXFileReference; fileEncoding = 4; lastKnownFileType = sourcecode.swift; path = MainTableViewCell.swift; sourceTree = "<group>"; };
		A1FC3467212E5DD1006DA973 /* MainViewController.swift */ = {isa = PBXFileReference; fileEncoding = 4; lastKnownFileType = sourcecode.swift; path = MainViewController.swift; sourceTree = "<group>"; };
		AA6C19363C1D6D9B05FEE7FC /* Pods-SpeedReadingTests.release.xcconfig */ = {isa = PBXFileReference; includeInIndex = 1; lastKnownFileType = text.xcconfig; name = "Pods-SpeedReadingTests.release.xcconfig"; path = "Pods/Target Support Files/Pods-SpeedReadingTests/Pods-SpeedReadingTests.release.xcconfig"; sourceTree = "<group>"; };
		AC4A39A2A7CE20F484B8CD1D /* Pods_SpeedReadingUITests.framework */ = {isa = PBXFileReference; explicitFileType = wrapper.framework; includeInIndex = 0; path = Pods_SpeedReadingUITests.framework; sourceTree = BUILT_PRODUCTS_DIR; };
		AE3179446260C96FE293C342 /* Pods-SpeedReading.debug.xcconfig */ = {isa = PBXFileReference; includeInIndex = 1; lastKnownFileType = text.xcconfig; name = "Pods-SpeedReading.debug.xcconfig"; path = "Pods/Target Support Files/Pods-SpeedReading/Pods-SpeedReading.debug.xcconfig"; sourceTree = "<group>"; };
		CE5FDED59C931F3C23E64989 /* Pods-SpeedReadingTests.debug.xcconfig */ = {isa = PBXFileReference; includeInIndex = 1; lastKnownFileType = text.xcconfig; name = "Pods-SpeedReadingTests.debug.xcconfig"; path = "Pods/Target Support Files/Pods-SpeedReadingTests/Pods-SpeedReadingTests.debug.xcconfig"; sourceTree = "<group>"; };
		D8BFD70E571375A2287D1E15 /* Pods_SpeedReading.framework */ = {isa = PBXFileReference; explicitFileType = wrapper.framework; includeInIndex = 0; path = Pods_SpeedReading.framework; sourceTree = BUILT_PRODUCTS_DIR; };
		DD0F42EEA30149935C7EE5EC /* Pods_SpeedReadingTests.framework */ = {isa = PBXFileReference; explicitFileType = wrapper.framework; includeInIndex = 0; path = Pods_SpeedReadingTests.framework; sourceTree = BUILT_PRODUCTS_DIR; };
		E7DE60ADE7BE12A7EB29E3EF /* Pods-SpeedReadingUITests.debug.xcconfig */ = {isa = PBXFileReference; includeInIndex = 1; lastKnownFileType = text.xcconfig; name = "Pods-SpeedReadingUITests.debug.xcconfig"; path = "Pods/Target Support Files/Pods-SpeedReadingUITests/Pods-SpeedReadingUITests.debug.xcconfig"; sourceTree = "<group>"; };
/* End PBXFileReference section */

/* Begin PBXFrameworksBuildPhase section */
		91AC29E8212E1D5200947590 /* Frameworks */ = {
			isa = PBXFrameworksBuildPhase;
			buildActionMask = 2147483647;
			files = (
				06903752BFBE226BE0D0F7A1 /* Pods_SpeedReading.framework in Frameworks */,
			);
			runOnlyForDeploymentPostprocessing = 0;
		};
		91AC29FC212E1D5400947590 /* Frameworks */ = {
			isa = PBXFrameworksBuildPhase;
			buildActionMask = 2147483647;
			files = (
				4E57E021BE7500253EAEBAFB /* Pods_SpeedReadingTests.framework in Frameworks */,
			);
			runOnlyForDeploymentPostprocessing = 0;
		};
		91AC2A07212E1D5400947590 /* Frameworks */ = {
			isa = PBXFrameworksBuildPhase;
			buildActionMask = 2147483647;
			files = (
				922D88BE950699C79D92D019 /* Pods_SpeedReadingUITests.framework in Frameworks */,
			);
			runOnlyForDeploymentPostprocessing = 0;
		};
/* End PBXFrameworksBuildPhase section */

/* Begin PBXGroup section */
		91AC29E2212E1D5200947590 = {
			isa = PBXGroup;
			children = (
				91AC29ED212E1D5200947590 /* SpeedReading */,
				91AC2A0D212E1D5400947590 /* SpeedReadingUITests */,
				91AC29EC212E1D5200947590 /* Products */,
				EEDFA48CD6AC4311435A195A /* Pods */,
				A2B629AAAEB92AFA2C62FDFE /* Frameworks */,
			);
			sourceTree = "<group>";
		};
		91AC29EC212E1D5200947590 /* Products */ = {
			isa = PBXGroup;
			children = (
				91AC29EB212E1D5200947590 /* SpeedReading.app */,
				91AC29FF212E1D5400947590 /* SpeedReadingTests.xctest */,
				91AC2A0A212E1D5400947590 /* SpeedReadingUITests.xctest */,
			);
			name = Products;
			sourceTree = "<group>";
		};
		91AC29ED212E1D5200947590 /* SpeedReading */ = {
			isa = PBXGroup;
			children = (
				91AC29EE212E1D5200947590 /* AppDelegate.swift */,
				91AC2A1C212E1F9400947590 /* ReadingMaterial.swift */,
				A1FC3467212E5DD1006DA973 /* MainViewController.swift */,
				A1BFA3EC212F3AB100FFF080 /* TextViewStoryBoard.storyboard */,
				A1BFA3EE212F403100FFF080 /* TextViewController.swift */,
				A1BFA42B212F6EDC00FFF080 /* CommonWords.h */,
				A1BFA42C212F6EDC00FFF080 /* CommonWords.m */,
				A1FC3465212E5DC7006DA973 /* MainTableViewCell.swift */,
				910F96C8212E888B00CDF29A /* String+filterCharacters.swift */,
				918B159A212F93DA007BB838 /* MainViewController+Realm.swift */,
				91AC2A1E212E207D00947590 /* Settings.swift */,
				91AC29F0212E1D5200947590 /* ViewController.swift */,
				91AC29F2212E1D5200947590 /* Main.storyboard */,
				918B1595212F92EF007BB838 /* ImportStoryboard.storyboard */,
				918B1592212F92EE007BB838 /* ImportViewController.swift */,
				918B1594212F92EE007BB838 /* ImportViewController+TextFieldDelegate.swift */,
				918B1593212F92EE007BB838 /* ImportViewControllerDelegate.swift */,
				91AC29F5212E1D5400947590 /* Assets.xcassets */,
				91D8427021308D6200D8CC2F /* LaunchScreenViewController.swift */,
				91D8427A2130932C00D8CC2F /* color_line.json */,
				91D8427221308EE300D8CC2F /* LaunchScreenAnimated.storyboard */,
				91AC29F7212E1D5400947590 /* LaunchScreen.storyboard */,
				910F96CA212E88E900CDF29A /* ReadingStoryboard.storyboard */,
				91AC29FA212E1D5400947590 /* Info.plist */,
				91AC2A02212E1D5400947590 /* SpeedReadingTests */,
				A1BFA42A212F6EDB00FFF080 /* SpeedReading-Bridging-Header.h */,
			);
			path = SpeedReading;
			sourceTree = "<group>";
		};
		91AC2A02212E1D5400947590 /* SpeedReadingTests */ = {
			isa = PBXGroup;
			children = (
				91AC2A03212E1D5400947590 /* SpeedReadingTests.swift */,
				91AC2A05212E1D5400947590 /* Info.plist */,
			);
			path = SpeedReadingTests;
			sourceTree = "<group>";
		};
		91AC2A0D212E1D5400947590 /* SpeedReadingUITests */ = {
			isa = PBXGroup;
			children = (
				91AC2A0E212E1D5400947590 /* SpeedReadingUITests.swift */,
				91AC2A10212E1D5400947590 /* Info.plist */,
			);
			path = SpeedReadingUITests;
			sourceTree = "<group>";
		};
		A2B629AAAEB92AFA2C62FDFE /* Frameworks */ = {
			isa = PBXGroup;
			children = (
				D8BFD70E571375A2287D1E15 /* Pods_SpeedReading.framework */,
				DD0F42EEA30149935C7EE5EC /* Pods_SpeedReadingTests.framework */,
				AC4A39A2A7CE20F484B8CD1D /* Pods_SpeedReadingUITests.framework */,
			);
			name = Frameworks;
			sourceTree = "<group>";
		};
		EEDFA48CD6AC4311435A195A /* Pods */ = {
			isa = PBXGroup;
			children = (
				AE3179446260C96FE293C342 /* Pods-SpeedReading.debug.xcconfig */,
				885C7358BEA4454684511A61 /* Pods-SpeedReading.release.xcconfig */,
				CE5FDED59C931F3C23E64989 /* Pods-SpeedReadingTests.debug.xcconfig */,
				AA6C19363C1D6D9B05FEE7FC /* Pods-SpeedReadingTests.release.xcconfig */,
				E7DE60ADE7BE12A7EB29E3EF /* Pods-SpeedReadingUITests.debug.xcconfig */,
				A026B8A27E1E29F2B35967DA /* Pods-SpeedReadingUITests.release.xcconfig */,
			);
			name = Pods;
			sourceTree = "<group>";
		};
/* End PBXGroup section */

/* Begin PBXNativeTarget section */
		91AC29EA212E1D5200947590 /* SpeedReading */ = {
			isa = PBXNativeTarget;
			buildConfigurationList = 91AC2A13212E1D5400947590 /* Build configuration list for PBXNativeTarget "SpeedReading" */;
			buildPhases = (
				8434A2F58EAC656D64FCDE85 /* [CP] Check Pods Manifest.lock */,
				91AC29E7212E1D5200947590 /* Sources */,
				91AC29E8212E1D5200947590 /* Frameworks */,
				91AC29E9212E1D5200947590 /* Resources */,
				F9F9ADE7769932138E10A03E /* [CP] Embed Pods Frameworks */,
			);
			buildRules = (
			);
			dependencies = (
			);
			name = SpeedReading;
			productName = SpeedReading;
			productReference = 91AC29EB212E1D5200947590 /* SpeedReading.app */;
			productType = "com.apple.product-type.application";
		};
		91AC29FE212E1D5400947590 /* SpeedReadingTests */ = {
			isa = PBXNativeTarget;
			buildConfigurationList = 91AC2A16212E1D5400947590 /* Build configuration list for PBXNativeTarget "SpeedReadingTests" */;
			buildPhases = (
				1FED5E3A3D7296AB65016DC1 /* [CP] Check Pods Manifest.lock */,
				91AC29FB212E1D5400947590 /* Sources */,
				91AC29FC212E1D5400947590 /* Frameworks */,
				91AC29FD212E1D5400947590 /* Resources */,
			);
			buildRules = (
			);
			dependencies = (
				91AC2A01212E1D5400947590 /* PBXTargetDependency */,
			);
			name = SpeedReadingTests;
			productName = SpeedReadingTests;
			productReference = 91AC29FF212E1D5400947590 /* SpeedReadingTests.xctest */;
			productType = "com.apple.product-type.bundle.unit-test";
		};
		91AC2A09212E1D5400947590 /* SpeedReadingUITests */ = {
			isa = PBXNativeTarget;
			buildConfigurationList = 91AC2A19212E1D5400947590 /* Build configuration list for PBXNativeTarget "SpeedReadingUITests" */;
			buildPhases = (
				6202FF2E63CAD9B3F421FCBA /* [CP] Check Pods Manifest.lock */,
				91AC2A06212E1D5400947590 /* Sources */,
				91AC2A07212E1D5400947590 /* Frameworks */,
				91AC2A08212E1D5400947590 /* Resources */,
			);
			buildRules = (
			);
			dependencies = (
				91AC2A0C212E1D5400947590 /* PBXTargetDependency */,
			);
			name = SpeedReadingUITests;
			productName = SpeedReadingUITests;
			productReference = 91AC2A0A212E1D5400947590 /* SpeedReadingUITests.xctest */;
			productType = "com.apple.product-type.bundle.ui-testing";
		};
/* End PBXNativeTarget section */

/* Begin PBXProject section */
		91AC29E3212E1D5200947590 /* Project object */ = {
			isa = PBXProject;
			attributes = {
				LastSwiftUpdateCheck = 0940;
				LastUpgradeCheck = 0940;
				ORGANIZATIONNAME = Bennett;
				TargetAttributes = {
					91AC29EA212E1D5200947590 = {
						CreatedOnToolsVersion = 9.4.1;
						LastSwiftMigration = 0940;
					};
					91AC29FE212E1D5400947590 = {
						CreatedOnToolsVersion = 9.4.1;
						TestTargetID = 91AC29EA212E1D5200947590;
					};
					91AC2A09212E1D5400947590 = {
						CreatedOnToolsVersion = 9.4.1;
						TestTargetID = 91AC29EA212E1D5200947590;
					};
				};
			};
			buildConfigurationList = 91AC29E6212E1D5200947590 /* Build configuration list for PBXProject "SpeedReading" */;
			compatibilityVersion = "Xcode 9.3";
			developmentRegion = en;
			hasScannedForEncodings = 0;
			knownRegions = (
				en,
				Base,
			);
			mainGroup = 91AC29E2212E1D5200947590;
			productRefGroup = 91AC29EC212E1D5200947590 /* Products */;
			projectDirPath = "";
			projectRoot = "";
			targets = (
				91AC29EA212E1D5200947590 /* SpeedReading */,
				91AC29FE212E1D5400947590 /* SpeedReadingTests */,
				91AC2A09212E1D5400947590 /* SpeedReadingUITests */,
			);
		};
/* End PBXProject section */

/* Begin PBXResourcesBuildPhase section */
		91AC29E9212E1D5200947590 /* Resources */ = {
			isa = PBXResourcesBuildPhase;
			buildActionMask = 2147483647;
			files = (
				91AC29F9212E1D5400947590 /* LaunchScreen.storyboard in Resources */,
				91AC29F6212E1D5400947590 /* Assets.xcassets in Resources */,
				910F96CB212E88E900CDF29A /* ReadingStoryboard.storyboard in Resources */,
				A1BFA3ED212F3AB100FFF080 /* TextViewStoryBoard.storyboard in Resources */,
				91D8427321308EE300D8CC2F /* LaunchScreenAnimated.storyboard in Resources */,
				91D8427B2130932C00D8CC2F /* color_line.json in Resources */,
				918B1599212F92EF007BB838 /* ImportStoryboard.storyboard in Resources */,
				91AC29F4212E1D5200947590 /* Main.storyboard in Resources */,
			);
			runOnlyForDeploymentPostprocessing = 0;
		};
		91AC29FD212E1D5400947590 /* Resources */ = {
			isa = PBXResourcesBuildPhase;
			buildActionMask = 2147483647;
			files = (
			);
			runOnlyForDeploymentPostprocessing = 0;
		};
		91AC2A08212E1D5400947590 /* Resources */ = {
			isa = PBXResourcesBuildPhase;
			buildActionMask = 2147483647;
			files = (
			);
			runOnlyForDeploymentPostprocessing = 0;
		};
/* End PBXResourcesBuildPhase section */

/* Begin PBXShellScriptBuildPhase section */
		1FED5E3A3D7296AB65016DC1 /* [CP] Check Pods Manifest.lock */ = {
			isa = PBXShellScriptBuildPhase;
			buildActionMask = 2147483647;
			files = (
			);
			inputPaths = (
				"${PODS_PODFILE_DIR_PATH}/Podfile.lock",
				"${PODS_ROOT}/Manifest.lock",
			);
			name = "[CP] Check Pods Manifest.lock";
			outputPaths = (
				"$(DERIVED_FILE_DIR)/Pods-SpeedReadingTests-checkManifestLockResult.txt",
			);
			runOnlyForDeploymentPostprocessing = 0;
			shellPath = /bin/sh;
			shellScript = "diff \"${PODS_PODFILE_DIR_PATH}/Podfile.lock\" \"${PODS_ROOT}/Manifest.lock\" > /dev/null\nif [ $? != 0 ] ; then\n    # print error to STDERR\n    echo \"error: The sandbox is not in sync with the Podfile.lock. Run 'pod install' or update your CocoaPods installation.\" >&2\n    exit 1\nfi\n# This output is used by Xcode 'outputs' to avoid re-running this script phase.\necho \"SUCCESS\" > \"${SCRIPT_OUTPUT_FILE_0}\"\n";
			showEnvVarsInLog = 0;
		};
		6202FF2E63CAD9B3F421FCBA /* [CP] Check Pods Manifest.lock */ = {
			isa = PBXShellScriptBuildPhase;
			buildActionMask = 2147483647;
			files = (
			);
			inputPaths = (
				"${PODS_PODFILE_DIR_PATH}/Podfile.lock",
				"${PODS_ROOT}/Manifest.lock",
			);
			name = "[CP] Check Pods Manifest.lock";
			outputPaths = (
				"$(DERIVED_FILE_DIR)/Pods-SpeedReadingUITests-checkManifestLockResult.txt",
			);
			runOnlyForDeploymentPostprocessing = 0;
			shellPath = /bin/sh;
			shellScript = "diff \"${PODS_PODFILE_DIR_PATH}/Podfile.lock\" \"${PODS_ROOT}/Manifest.lock\" > /dev/null\nif [ $? != 0 ] ; then\n    # print error to STDERR\n    echo \"error: The sandbox is not in sync with the Podfile.lock. Run 'pod install' or update your CocoaPods installation.\" >&2\n    exit 1\nfi\n# This output is used by Xcode 'outputs' to avoid re-running this script phase.\necho \"SUCCESS\" > \"${SCRIPT_OUTPUT_FILE_0}\"\n";
			showEnvVarsInLog = 0;
		};
		8434A2F58EAC656D64FCDE85 /* [CP] Check Pods Manifest.lock */ = {
			isa = PBXShellScriptBuildPhase;
			buildActionMask = 2147483647;
			files = (
			);
			inputPaths = (
				"${PODS_PODFILE_DIR_PATH}/Podfile.lock",
				"${PODS_ROOT}/Manifest.lock",
			);
			name = "[CP] Check Pods Manifest.lock";
			outputPaths = (
				"$(DERIVED_FILE_DIR)/Pods-SpeedReading-checkManifestLockResult.txt",
			);
			runOnlyForDeploymentPostprocessing = 0;
			shellPath = /bin/sh;
			shellScript = "diff \"${PODS_PODFILE_DIR_PATH}/Podfile.lock\" \"${PODS_ROOT}/Manifest.lock\" > /dev/null\nif [ $? != 0 ] ; then\n    # print error to STDERR\n    echo \"error: The sandbox is not in sync with the Podfile.lock. Run 'pod install' or update your CocoaPods installation.\" >&2\n    exit 1\nfi\n# This output is used by Xcode 'outputs' to avoid re-running this script phase.\necho \"SUCCESS\" > \"${SCRIPT_OUTPUT_FILE_0}\"\n";
			showEnvVarsInLog = 0;
		};
		F9F9ADE7769932138E10A03E /* [CP] Embed Pods Frameworks */ = {
			isa = PBXShellScriptBuildPhase;
			buildActionMask = 2147483647;
			files = (
			);
			inputPaths = (
				"${SRCROOT}/Pods/Target Support Files/Pods-SpeedReading/Pods-SpeedReading-frameworks.sh",
				"${BUILT_PRODUCTS_DIR}/Material/Material.framework",
				"${BUILT_PRODUCTS_DIR}/Motion/Motion.framework",
				"${BUILT_PRODUCTS_DIR}/Realm/Realm.framework",
				"${BUILT_PRODUCTS_DIR}/RealmSwift/RealmSwift.framework",
				"${BUILT_PRODUCTS_DIR}/lottie-ios/Lottie.framework",
			);
			name = "[CP] Embed Pods Frameworks";
			outputPaths = (
				"${TARGET_BUILD_DIR}/${FRAMEWORKS_FOLDER_PATH}/Material.framework",
				"${TARGET_BUILD_DIR}/${FRAMEWORKS_FOLDER_PATH}/Motion.framework",
				"${TARGET_BUILD_DIR}/${FRAMEWORKS_FOLDER_PATH}/Realm.framework",
				"${TARGET_BUILD_DIR}/${FRAMEWORKS_FOLDER_PATH}/RealmSwift.framework",
				"${TARGET_BUILD_DIR}/${FRAMEWORKS_FOLDER_PATH}/Lottie.framework",
			);
			runOnlyForDeploymentPostprocessing = 0;
			shellPath = /bin/sh;
			shellScript = "\"${SRCROOT}/Pods/Target Support Files/Pods-SpeedReading/Pods-SpeedReading-frameworks.sh\"\n";
			showEnvVarsInLog = 0;
		};
/* End PBXShellScriptBuildPhase section */

/* Begin PBXSourcesBuildPhase section */
		91AC29E7212E1D5200947590 /* Sources */ = {
			isa = PBXSourcesBuildPhase;
			buildActionMask = 2147483647;
			files = (
				91AC2A1D212E1F9400947590 /* ReadingMaterial.swift in Sources */,
				A1BFA42D212F6EDC00FFF080 /* CommonWords.m in Sources */,
				91AC29F1212E1D5200947590 /* ViewController.swift in Sources */,
				91AC2A1F212E207D00947590 /* Settings.swift in Sources */,
				A1FC3468212E5DD1006DA973 /* MainViewController.swift in Sources */,
				918B1597212F92EF007BB838 /* ImportViewControllerDelegate.swift in Sources */,
				91D8427121308D6200D8CC2F /* LaunchScreenViewController.swift in Sources */,
				91AC29EF212E1D5200947590 /* AppDelegate.swift in Sources */,
				A1FC3466212E5DC7006DA973 /* MainTableViewCell.swift in Sources */,
				918B1598212F92EF007BB838 /* ImportViewController+TextFieldDelegate.swift in Sources */,
				918B1596212F92EF007BB838 /* ImportViewController.swift in Sources */,
				918B159B212F93DA007BB838 /* MainViewController+Realm.swift in Sources */,
				910F96C9212E888B00CDF29A /* String+filterCharacters.swift in Sources */,
				A1BFA3EF212F403100FFF080 /* TextViewController.swift in Sources */,
			);
			runOnlyForDeploymentPostprocessing = 0;
		};
		91AC29FB212E1D5400947590 /* Sources */ = {
			isa = PBXSourcesBuildPhase;
			buildActionMask = 2147483647;
			files = (
				91AC2A04212E1D5400947590 /* SpeedReadingTests.swift in Sources */,
			);
			runOnlyForDeploymentPostprocessing = 0;
		};
		91AC2A06212E1D5400947590 /* Sources */ = {
			isa = PBXSourcesBuildPhase;
			buildActionMask = 2147483647;
			files = (
				91AC2A0F212E1D5400947590 /* SpeedReadingUITests.swift in Sources */,
			);
			runOnlyForDeploymentPostprocessing = 0;
		};
/* End PBXSourcesBuildPhase section */

/* Begin PBXTargetDependency section */
		91AC2A01212E1D5400947590 /* PBXTargetDependency */ = {
			isa = PBXTargetDependency;
			target = 91AC29EA212E1D5200947590 /* SpeedReading */;
			targetProxy = 91AC2A00212E1D5400947590 /* PBXContainerItemProxy */;
		};
		91AC2A0C212E1D5400947590 /* PBXTargetDependency */ = {
			isa = PBXTargetDependency;
			target = 91AC29EA212E1D5200947590 /* SpeedReading */;
			targetProxy = 91AC2A0B212E1D5400947590 /* PBXContainerItemProxy */;
		};
/* End PBXTargetDependency section */

/* Begin PBXVariantGroup section */
		91AC29F2212E1D5200947590 /* Main.storyboard */ = {
			isa = PBXVariantGroup;
			children = (
				91AC29F3212E1D5200947590 /* Base */,
			);
			name = Main.storyboard;
			sourceTree = "<group>";
		};
		91AC29F7212E1D5400947590 /* LaunchScreen.storyboard */ = {
			isa = PBXVariantGroup;
			children = (
				91AC29F8212E1D5400947590 /* Base */,
			);
			name = LaunchScreen.storyboard;
			sourceTree = "<group>";
		};
/* End PBXVariantGroup section */

/* Begin XCBuildConfiguration section */
		91AC2A11212E1D5400947590 /* Debug */ = {
			isa = XCBuildConfiguration;
			buildSettings = {
				ALWAYS_SEARCH_USER_PATHS = NO;
				CLANG_ANALYZER_NONNULL = YES;
				CLANG_ANALYZER_NUMBER_OBJECT_CONVERSION = YES_AGGRESSIVE;
				CLANG_CXX_LANGUAGE_STANDARD = "gnu++14";
				CLANG_CXX_LIBRARY = "libc++";
				CLANG_ENABLE_MODULES = YES;
				CLANG_ENABLE_OBJC_ARC = YES;
				CLANG_ENABLE_OBJC_WEAK = YES;
				CLANG_WARN_BLOCK_CAPTURE_AUTORELEASING = YES;
				CLANG_WARN_BOOL_CONVERSION = YES;
				CLANG_WARN_COMMA = YES;
				CLANG_WARN_CONSTANT_CONVERSION = YES;
				CLANG_WARN_DEPRECATED_OBJC_IMPLEMENTATIONS = YES;
				CLANG_WARN_DIRECT_OBJC_ISA_USAGE = YES_ERROR;
				CLANG_WARN_DOCUMENTATION_COMMENTS = YES;
				CLANG_WARN_EMPTY_BODY = YES;
				CLANG_WARN_ENUM_CONVERSION = YES;
				CLANG_WARN_INFINITE_RECURSION = YES;
				CLANG_WARN_INT_CONVERSION = YES;
				CLANG_WARN_NON_LITERAL_NULL_CONVERSION = YES;
				CLANG_WARN_OBJC_IMPLICIT_RETAIN_SELF = YES;
				CLANG_WARN_OBJC_LITERAL_CONVERSION = YES;
				CLANG_WARN_OBJC_ROOT_CLASS = YES_ERROR;
				CLANG_WARN_RANGE_LOOP_ANALYSIS = YES;
				CLANG_WARN_STRICT_PROTOTYPES = YES;
				CLANG_WARN_SUSPICIOUS_MOVE = YES;
				CLANG_WARN_UNGUARDED_AVAILABILITY = YES_AGGRESSIVE;
				CLANG_WARN_UNREACHABLE_CODE = YES;
				CLANG_WARN__DUPLICATE_METHOD_MATCH = YES;
				CODE_SIGN_IDENTITY = "iPhone Developer";
				COPY_PHASE_STRIP = NO;
				DEBUG_INFORMATION_FORMAT = dwarf;
				ENABLE_STRICT_OBJC_MSGSEND = YES;
				ENABLE_TESTABILITY = YES;
				GCC_C_LANGUAGE_STANDARD = gnu11;
				GCC_DYNAMIC_NO_PIC = NO;
				GCC_NO_COMMON_BLOCKS = YES;
				GCC_OPTIMIZATION_LEVEL = 0;
				GCC_PREPROCESSOR_DEFINITIONS = (
					"DEBUG=1",
					"$(inherited)",
				);
				GCC_WARN_64_TO_32_BIT_CONVERSION = YES;
				GCC_WARN_ABOUT_RETURN_TYPE = YES_ERROR;
				GCC_WARN_UNDECLARED_SELECTOR = YES;
				GCC_WARN_UNINITIALIZED_AUTOS = YES_AGGRESSIVE;
				GCC_WARN_UNUSED_FUNCTION = YES;
				GCC_WARN_UNUSED_VARIABLE = YES;
				IPHONEOS_DEPLOYMENT_TARGET = 11.4;
				MTL_ENABLE_DEBUG_INFO = YES;
				ONLY_ACTIVE_ARCH = YES;
				SDKROOT = iphoneos;
				SWIFT_ACTIVE_COMPILATION_CONDITIONS = DEBUG;
				SWIFT_OPTIMIZATION_LEVEL = "-Onone";
			};
			name = Debug;
		};
		91AC2A12212E1D5400947590 /* Release */ = {
			isa = XCBuildConfiguration;
			buildSettings = {
				ALWAYS_SEARCH_USER_PATHS = NO;
				CLANG_ANALYZER_NONNULL = YES;
				CLANG_ANALYZER_NUMBER_OBJECT_CONVERSION = YES_AGGRESSIVE;
				CLANG_CXX_LANGUAGE_STANDARD = "gnu++14";
				CLANG_CXX_LIBRARY = "libc++";
				CLANG_ENABLE_MODULES = YES;
				CLANG_ENABLE_OBJC_ARC = YES;
				CLANG_ENABLE_OBJC_WEAK = YES;
				CLANG_WARN_BLOCK_CAPTURE_AUTORELEASING = YES;
				CLANG_WARN_BOOL_CONVERSION = YES;
				CLANG_WARN_COMMA = YES;
				CLANG_WARN_CONSTANT_CONVERSION = YES;
				CLANG_WARN_DEPRECATED_OBJC_IMPLEMENTATIONS = YES;
				CLANG_WARN_DIRECT_OBJC_ISA_USAGE = YES_ERROR;
				CLANG_WARN_DOCUMENTATION_COMMENTS = YES;
				CLANG_WARN_EMPTY_BODY = YES;
				CLANG_WARN_ENUM_CONVERSION = YES;
				CLANG_WARN_INFINITE_RECURSION = YES;
				CLANG_WARN_INT_CONVERSION = YES;
				CLANG_WARN_NON_LITERAL_NULL_CONVERSION = YES;
				CLANG_WARN_OBJC_IMPLICIT_RETAIN_SELF = YES;
				CLANG_WARN_OBJC_LITERAL_CONVERSION = YES;
				CLANG_WARN_OBJC_ROOT_CLASS = YES_ERROR;
				CLANG_WARN_RANGE_LOOP_ANALYSIS = YES;
				CLANG_WARN_STRICT_PROTOTYPES = YES;
				CLANG_WARN_SUSPICIOUS_MOVE = YES;
				CLANG_WARN_UNGUARDED_AVAILABILITY = YES_AGGRESSIVE;
				CLANG_WARN_UNREACHABLE_CODE = YES;
				CLANG_WARN__DUPLICATE_METHOD_MATCH = YES;
				CODE_SIGN_IDENTITY = "iPhone Developer";
				COPY_PHASE_STRIP = NO;
				DEBUG_INFORMATION_FORMAT = "dwarf-with-dsym";
				ENABLE_NS_ASSERTIONS = NO;
				ENABLE_STRICT_OBJC_MSGSEND = YES;
				GCC_C_LANGUAGE_STANDARD = gnu11;
				GCC_NO_COMMON_BLOCKS = YES;
				GCC_WARN_64_TO_32_BIT_CONVERSION = YES;
				GCC_WARN_ABOUT_RETURN_TYPE = YES_ERROR;
				GCC_WARN_UNDECLARED_SELECTOR = YES;
				GCC_WARN_UNINITIALIZED_AUTOS = YES_AGGRESSIVE;
				GCC_WARN_UNUSED_FUNCTION = YES;
				GCC_WARN_UNUSED_VARIABLE = YES;
				IPHONEOS_DEPLOYMENT_TARGET = 11.4;
				MTL_ENABLE_DEBUG_INFO = NO;
				SDKROOT = iphoneos;
				SWIFT_COMPILATION_MODE = wholemodule;
				SWIFT_OPTIMIZATION_LEVEL = "-O";
				VALIDATE_PRODUCT = YES;
			};
			name = Release;
		};
		91AC2A14212E1D5400947590 /* Debug */ = {
			isa = XCBuildConfiguration;
			baseConfigurationReference = AE3179446260C96FE293C342 /* Pods-SpeedReading.debug.xcconfig */;
			buildSettings = {
				ASSETCATALOG_COMPILER_APPICON_NAME = AppIcon;
				CLANG_ENABLE_MODULES = YES;
				CODE_SIGN_STYLE = Automatic;
				INFOPLIST_FILE = SpeedReading/Info.plist;
				LD_RUNPATH_SEARCH_PATHS = (
					"$(inherited)",
					"@executable_path/Frameworks",
				);
				PRODUCT_BUNDLE_IDENTIFIER = com.bennett.SpeedReading;
				PRODUCT_NAME = "$(TARGET_NAME)";
				SWIFT_OBJC_BRIDGING_HEADER = "SpeedReading/SpeedReading-Bridging-Header.h";
				SWIFT_OPTIMIZATION_LEVEL = "-Onone";
				SWIFT_VERSION = 4.0;
				TARGETED_DEVICE_FAMILY = "1,2";
			};
			name = Debug;
		};
		91AC2A15212E1D5400947590 /* Release */ = {
			isa = XCBuildConfiguration;
			baseConfigurationReference = 885C7358BEA4454684511A61 /* Pods-SpeedReading.release.xcconfig */;
			buildSettings = {
				ASSETCATALOG_COMPILER_APPICON_NAME = AppIcon;
				CLANG_ENABLE_MODULES = YES;
				CODE_SIGN_STYLE = Automatic;
				INFOPLIST_FILE = SpeedReading/Info.plist;
				LD_RUNPATH_SEARCH_PATHS = (
					"$(inherited)",
					"@executable_path/Frameworks",
				);
				PRODUCT_BUNDLE_IDENTIFIER = com.bennett.SpeedReading;
				PRODUCT_NAME = "$(TARGET_NAME)";
				SWIFT_OBJC_BRIDGING_HEADER = "SpeedReading/SpeedReading-Bridging-Header.h";
				SWIFT_VERSION = 4.0;
				TARGETED_DEVICE_FAMILY = "1,2";
			};
			name = Release;
		};
		91AC2A17212E1D5400947590 /* Debug */ = {
			isa = XCBuildConfiguration;
			baseConfigurationReference = CE5FDED59C931F3C23E64989 /* Pods-SpeedReadingTests.debug.xcconfig */;
			buildSettings = {
				ALWAYS_EMBED_SWIFT_STANDARD_LIBRARIES = YES;
				BUNDLE_LOADER = "$(TEST_HOST)";
				CODE_SIGN_STYLE = Automatic;
				INFOPLIST_FILE = SpeedReadingTests/Info.plist;
				LD_RUNPATH_SEARCH_PATHS = (
					"$(inherited)",
					"@executable_path/Frameworks",
					"@loader_path/Frameworks",
				);
				PRODUCT_BUNDLE_IDENTIFIER = com.bennett.SpeedReadingTests;
				PRODUCT_NAME = "$(TARGET_NAME)";
				SWIFT_VERSION = 4.0;
				TARGETED_DEVICE_FAMILY = "1,2";
				TEST_HOST = "$(BUILT_PRODUCTS_DIR)/SpeedReading.app/SpeedReading";
			};
			name = Debug;
		};
		91AC2A18212E1D5400947590 /* Release */ = {
			isa = XCBuildConfiguration;
			baseConfigurationReference = AA6C19363C1D6D9B05FEE7FC /* Pods-SpeedReadingTests.release.xcconfig */;
			buildSettings = {
				ALWAYS_EMBED_SWIFT_STANDARD_LIBRARIES = YES;
				BUNDLE_LOADER = "$(TEST_HOST)";
				CODE_SIGN_STYLE = Automatic;
				INFOPLIST_FILE = SpeedReadingTests/Info.plist;
				LD_RUNPATH_SEARCH_PATHS = (
					"$(inherited)",
					"@executable_path/Frameworks",
					"@loader_path/Frameworks",
				);
				PRODUCT_BUNDLE_IDENTIFIER = com.bennett.SpeedReadingTests;
				PRODUCT_NAME = "$(TARGET_NAME)";
				SWIFT_VERSION = 4.0;
				TARGETED_DEVICE_FAMILY = "1,2";
				TEST_HOST = "$(BUILT_PRODUCTS_DIR)/SpeedReading.app/SpeedReading";
			};
			name = Release;
		};
		91AC2A1A212E1D5400947590 /* Debug */ = {
			isa = XCBuildConfiguration;
			baseConfigurationReference = E7DE60ADE7BE12A7EB29E3EF /* Pods-SpeedReadingUITests.debug.xcconfig */;
			buildSettings = {
				ALWAYS_EMBED_SWIFT_STANDARD_LIBRARIES = YES;
				CODE_SIGN_STYLE = Automatic;
				INFOPLIST_FILE = SpeedReadingUITests/Info.plist;
				LD_RUNPATH_SEARCH_PATHS = (
					"$(inherited)",
					"@executable_path/Frameworks",
					"@loader_path/Frameworks",
				);
				PRODUCT_BUNDLE_IDENTIFIER = com.bennett.SpeedReadingUITests;
				PRODUCT_NAME = "$(TARGET_NAME)";
				SWIFT_VERSION = 4.0;
				TARGETED_DEVICE_FAMILY = "1,2";
				TEST_TARGET_NAME = SpeedReading;
			};
			name = Debug;
		};
		91AC2A1B212E1D5400947590 /* Release */ = {
			isa = XCBuildConfiguration;
			baseConfigurationReference = A026B8A27E1E29F2B35967DA /* Pods-SpeedReadingUITests.release.xcconfig */;
			buildSettings = {
				ALWAYS_EMBED_SWIFT_STANDARD_LIBRARIES = YES;
				CODE_SIGN_STYLE = Automatic;
				INFOPLIST_FILE = SpeedReadingUITests/Info.plist;
				LD_RUNPATH_SEARCH_PATHS = (
					"$(inherited)",
					"@executable_path/Frameworks",
					"@loader_path/Frameworks",
				);
				PRODUCT_BUNDLE_IDENTIFIER = com.bennett.SpeedReadingUITests;
				PRODUCT_NAME = "$(TARGET_NAME)";
				SWIFT_VERSION = 4.0;
				TARGETED_DEVICE_FAMILY = "1,2";
				TEST_TARGET_NAME = SpeedReading;
			};
			name = Release;
		};
/* End XCBuildConfiguration section */

/* Begin XCConfigurationList section */
		91AC29E6212E1D5200947590 /* Build configuration list for PBXProject "SpeedReading" */ = {
			isa = XCConfigurationList;
			buildConfigurations = (
				91AC2A11212E1D5400947590 /* Debug */,
				91AC2A12212E1D5400947590 /* Release */,
			);
			defaultConfigurationIsVisible = 0;
			defaultConfigurationName = Release;
		};
		91AC2A13212E1D5400947590 /* Build configuration list for PBXNativeTarget "SpeedReading" */ = {
			isa = XCConfigurationList;
			buildConfigurations = (
				91AC2A14212E1D5400947590 /* Debug */,
				91AC2A15212E1D5400947590 /* Release */,
			);
			defaultConfigurationIsVisible = 0;
			defaultConfigurationName = Release;
		};
		91AC2A16212E1D5400947590 /* Build configuration list for PBXNativeTarget "SpeedReadingTests" */ = {
			isa = XCConfigurationList;
			buildConfigurations = (
				91AC2A17212E1D5400947590 /* Debug */,
				91AC2A18212E1D5400947590 /* Release */,
			);
			defaultConfigurationIsVisible = 0;
			defaultConfigurationName = Release;
		};
		91AC2A19212E1D5400947590 /* Build configuration list for PBXNativeTarget "SpeedReadingUITests" */ = {
			isa = XCConfigurationList;
			buildConfigurations = (
				91AC2A1A212E1D5400947590 /* Debug */,
				91AC2A1B212E1D5400947590 /* Release */,
			);
			defaultConfigurationIsVisible = 0;
			defaultConfigurationName = Release;
		};
/* End XCConfigurationList section */
	};
	rootObject = 91AC29E3212E1D5200947590 /* Project object */;
}
